
Microsoft Visual Studio Solution File, Format Version 12.00
# Visual Studio Version 17
VisualStudioVersion = 17.13.35828.75 d17.13
MinimumVisualStudioVersion = 10.0.40219.1
Project("{FAE04EC0-301F-11D3-BF4B-00C04F79EFBC}") = "ElectricCars", "ElectricCars\ElectricCars.csproj", "{2D671C25-4E64-474E-8571-2CB295C4C949}"
EndProject
Project("{FAE04EC0-301F-11D3-BF4B-00C04F79EFBC}") = "Infrastructure", "Infrastructure\Infrastructure.csproj", "{C8021B01-29A2-4DE4-AB62-5AAF038CEF22}"
EndProject
Project("{FAE04EC0-301F-11D3-BF4B-00C04F79EFBC}") = "Models", "Models\Models.csproj", "{FF8015F5-728F-40DF-B2D6-F602971D87BB}"
EndProject
Project("{FAE04EC0-301F-11D3-BF4B-00C04F79EFBC}") = "DataContext", "DataContext\DataContext.csproj", "{9FF2D25F-AD00-4A54-9E0D-F814E16B854D}"
EndProject
Global
	GlobalSection(SolutionConfigurationPlatforms) = preSolution
		Debug|Any CPU = Debug|Any CPU
		Release|Any CPU = Release|Any CPU
	EndGlobalSection
	GlobalSection(ProjectConfigurationPlatforms) = postSolution
		{2D671C25-4E64-474E-8571-2CB295C4C949}.Debug|Any CPU.ActiveCfg = Debug|Any CPU
		{2D671C25-4E64-474E-8571-2CB295C4C949}.Debug|Any CPU.Build.0 = Debug|Any CPU
		{2D671C25-4E64-474E-8571-2CB295C4C949}.Release|Any CPU.ActiveCfg = Release|Any CPU
		{2D671C25-4E64-474E-8571-2CB295C4C949}.Release|Any CPU.Build.0 = Release|Any CPU
		{C8021B01-29A2-4DE4-AB62-5AAF038CEF22}.Debug|Any CPU.ActiveCfg = Debug|Any CPU
		{C8021B01-29A2-4DE4-AB62-5AAF038CEF22}.Debug|Any CPU.Build.0 = Debug|Any CPU
		{C8021B01-29A2-4DE4-AB62-5AAF038CEF22}.Release|Any CPU.ActiveCfg = Release|Any CPU
		{C8021B01-29A2-4DE4-AB62-5AAF038CEF22}.Release|Any CPU.Build.0 = Release|Any CPU
		{FF8015F5-728F-40DF-B2D6-F602971D87BB}.Debug|Any CPU.ActiveCfg = Debug|Any CPU
		{FF8015F5-728F-40DF-B2D6-F602971D87BB}.Debug|Any CPU.Build.0 = Debug|Any CPU
		{FF8015F5-728F-40DF-B2D6-F602971D87BB}.Release|Any CPU.ActiveCfg = Release|Any CPU
		{FF8015F5-728F-40DF-B2D6-F602971D87BB}.Release|Any CPU.Build.0 = Release|Any CPU
		{9FF2D25F-AD00-4A54-9E0D-F814E16B854D}.Debug|Any CPU.ActiveCfg = Debug|Any CPU
		{9FF2D25F-AD00-4A54-9E0D-F814E16B854D}.Debug|Any CPU.Build.0 = Debug|Any CPU
		{9FF2D25F-AD00-4A54-9E0D-F814E16B854D}.Release|Any CPU.ActiveCfg = Release|Any CPU
		{9FF2D25F-AD00-4A54-9E0D-F814E16B854D}.Release|Any CPU.Build.0 = Release|Any CPU
	EndGlobalSection
	GlobalSection(SolutionProperties) = preSolution
		HideSolutionNode = FALSE
	EndGlobalSection
	GlobalSection(ExtensibilityGlobals) = postSolution
		SolutionGuid = {A7333B8A-27A9-4CA6-A931-1EFA3B72E775}
	EndGlobalSection
EndGlobal
